{
  "name": "furigana",
  "lockfileVersion": 3,
  "requires": true,
  "packages": {
    "": {
      "name": "furigana",
      "license": "MIT",
      "devDependencies": {
        "lindera-wasm-nodejs-ipadic": "2.0.0",
        "lindera-wasm-web-ipadic": "2.0.0"
      }
    },
    "node_modules/lindera-wasm-nodejs-ipadic": {
      "version": "2.0.0",
      "resolved": "https://registry.npmjs.org/lindera-wasm-nodejs-ipadic/-/lindera-wasm-nodejs-ipadic-2.0.0.tgz",
      "integrity": "sha512-ocuJn9MUA7v5wuXRSADgzLu2Hn2//GmAYHARXSkTbMOCk3bv4Rh1L39XjjJ05286HL0YWfpPo67XrxLMJ/zIhQ==",
      "dev": true,
      "license": "MIT"
    },
    "node_modules/lindera-wasm-web-ipadic": {
      "version": "2.0.0",
      "resolved": "https://registry.npmjs.org/lindera-wasm-web-ipadic/-/lindera-wasm-web-ipadic-2.0.0.tgz",
      "integrity": "sha512-eQq1CiCanl80812BKFUy0d0vKzEaG0kp/VvzQRO5MQPk94n9jlejWWehVe+COFijxdnD89cpR7dT3gV4uGztng==",
      "dev": true,
      "license": "MIT"
    }
  }
}
